
Microsoft Visual Studio Solution File, Format Version 12.00
# Visual Studio Version 16
VisualStudioVersion = 16.0.30804.86
MinimumVisualStudioVersion = 10.0.40219.1
Project("{8BC9CEB8-8B4A-11D0-8D11-00A0C91BC942}") = "Ej46", "Ej46\Ej46.vcxproj", "{90A33A6F-A4C4-450A-BC26-827F781D8305}"
EndProject
Global
	GlobalSection(SolutionConfigurationPlatforms) = preSolution
		Debug|x64 = Debug|x64
		Debug|x86 = Debug|x86
		Release|x64 = Release|x64
		Release|x86 = Release|x86
	EndGlobalSection
	GlobalSection(ProjectConfigurationPlatforms) = postSolution
		{90A33A6F-A4C4-450A-BC26-827F781D8305}.Debug|x64.ActiveCfg = Debug|x64
		{90A33A6F-A4C4-450A-BC26-827F781D8305}.Debug|x64.Build.0 = Debug|x64
		{90A33A6F-A4C4-450A-BC26-827F781D8305}.Debug|x86.ActiveCfg = Debug|Win32
		{90A33A6F-A4C4-450A-BC26-827F781D8305}.Debug|x86.Build.0 = Debug|Win32
		{90A33A6F-A4C4-450A-BC26-827F781D8305}.Release|x64.ActiveCfg = Release|x64
		{90A33A6F-A4C4-450A-BC26-827F781D8305}.Release|x64.Build.0 = Release|x64
		{90A33A6F-A4C4-450A-BC26-827F781D8305}.Release|x86.ActiveCfg = Release|Win32
		{90A33A6F-A4C4-450A-BC26-827F781D8305}.Release|x86.Build.0 = Release|Win32
	EndGlobalSection
	GlobalSection(SolutionProperties) = preSolution
		HideSolutionNode = FALSE
	EndGlobalSection
	GlobalSection(ExtensibilityGlobals) = postSolution
		SolutionGuid = {545A14FC-267D-4DCA-AB02-203029201853}
	EndGlobalSection
EndGlobal
